
Microsoft Visual Studio Solution File, Format Version 12.00
# Visual Studio Version 17
VisualStudioVersion = 17.9.34607.119
MinimumVisualStudioVersion = 10.0.40219.1
Project("{888888A0-9F3D-457C-B088-3A5042F75D52}") = "lists_3_", "lists_3_.pyproj", "{11B67BF4-3DDE-47D0-9F7D-F87F6210B3EE}"
EndProject
Global
	GlobalSection(SolutionConfigurationPlatforms) = preSolution
		Debug|Any CPU = Debug|Any CPU
		Release|Any CPU = Release|Any CPU
	EndGlobalSection
	GlobalSection(ProjectConfigurationPlatforms) = postSolution
		{11B67BF4-3DDE-47D0-9F7D-F87F6210B3EE}.Debug|Any CPU.ActiveCfg = Debug|Any CPU
		{11B67BF4-3DDE-47D0-9F7D-F87F6210B3EE}.Release|Any CPU.ActiveCfg = Release|Any CPU
	EndGlobalSection
	GlobalSection(SolutionProperties) = preSolution
		HideSolutionNode = FALSE
	EndGlobalSection
	GlobalSection(ExtensibilityGlobals) = postSolution
		SolutionGuid = {011FBAAA-8212-43C3-9832-617386865307}
	EndGlobalSection
EndGlobal
